
Microsoft Visual Studio Solution File, Format Version 12.00
# Visual Studio Version 17
VisualStudioVersion = 17.4.33205.214
MinimumVisualStudioVersion = 10.0.40219.1
Project("{8BC9CEB8-8B4A-11D0-8D11-00A0C91BC942}") = "Class", "Class\Class.vcxproj", "{D760F27A-D72D-4E69-94EF-35021F48CFEB}"
EndProject
Global
	GlobalSection(SolutionConfigurationPlatforms) = preSolution
		Debug|x64 = Debug|x64
		Debug|x86 = Debug|x86
		Release|x64 = Release|x64
		Release|x86 = Release|x86
	EndGlobalSection
	GlobalSection(ProjectConfigurationPlatforms) = postSolution
		{D760F27A-D72D-4E69-94EF-35021F48CFEB}.Debug|x64.ActiveCfg = Debug|x64
		{D760F27A-D72D-4E69-94EF-35021F48CFEB}.Debug|x64.Build.0 = Debug|x64
		{D760F27A-D72D-4E69-94EF-35021F48CFEB}.Debug|x86.ActiveCfg = Debug|Win32
		{D760F27A-D72D-4E69-94EF-35021F48CFEB}.Debug|x86.Build.0 = Debug|Win32
		{D760F27A-D72D-4E69-94EF-35021F48CFEB}.Release|x64.ActiveCfg = Release|x64
		{D760F27A-D72D-4E69-94EF-35021F48CFEB}.Release|x64.Build.0 = Release|x64
		{D760F27A-D72D-4E69-94EF-35021F48CFEB}.Release|x86.ActiveCfg = Release|Win32
		{D760F27A-D72D-4E69-94EF-35021F48CFEB}.Release|x86.Build.0 = Release|Win32
	EndGlobalSection
	GlobalSection(SolutionProperties) = preSolution
		HideSolutionNode = FALSE
	EndGlobalSection
	GlobalSection(ExtensibilityGlobals) = postSolution
		SolutionGuid = {A2881758-56EB-4408-AEEA-829FC9A61F90}
	EndGlobalSection
EndGlobal
